
Microsoft Visual Studio Solution File, Format Version 11.00
# Visual Studio 2010
Project("{FAE04EC0-301F-11D3-BF4B-00C04F79EFBC}") = "Camera", "Camera\Camera.csproj", "{CA85F2ED-77CD-4FA0-B19F-E0F8882697BC}"
EndProject
Global
	GlobalSection(SolutionConfigurationPlatforms) = preSolution
		Debug|x86 = Debug|x86
		Release|x86 = Release|x86
	EndGlobalSection
	GlobalSection(ProjectConfigurationPlatforms) = postSolution
		{CA85F2ED-77CD-4FA0-B19F-E0F8882697BC}.Debug|x86.ActiveCfg = Debug|x86
		{CA85F2ED-77CD-4FA0-B19F-E0F8882697BC}.Debug|x86.Build.0 = Debug|x86
		{CA85F2ED-77CD-4FA0-B19F-E0F8882697BC}.Release|x86.ActiveCfg = Release|x86
		{CA85F2ED-77CD-4FA0-B19F-E0F8882697BC}.Release|x86.Build.0 = Release|x86
	EndGlobalSection
	GlobalSection(SolutionProperties) = preSolution
		HideSolutionNode = FALSE
	EndGlobalSection
EndGlobal
